# THIS IS AN AUTOGENERATED FILE. DO NOT EDIT THIS FILE DIRECTLY.
# yarn lockfile v1


"@smallwins/lambda@^6.0.3":
  version "6.0.3"
  resolved "https://registry.yarnpkg.com/@smallwins/lambda/-/lambda-6.0.3.tgz#51af5baf7d4cacaab525e44faf98e701343da9ce"

"@smallwins/validate@^4.1.2":
  version "4.1.2"
  resolved "https://registry.yarnpkg.com/@smallwins/validate/-/validate-4.1.2.tgz#e5581ce50968fcde8540eb3f8cc2909c11b9c2fe"
